[[package]]
name = "asgiref"
version = "3.5.2"
description = "ASGI specs, helper code, and adapters"
category = "main"
optional = false
python-versions = ">=3.7"

[package.extras]
tests = ["pytest", "pytest-asyncio", "mypy (>=0.800)"]

[[package]]
name = "crispy-tailwind"
version = "0.5.0"
description = "A tailwind package for Django Crispy Forms"
category = "main"
optional = false
python-versions = ">=3.5"

[package.dependencies]
django-crispy-forms = ">=1.11.2"

[[package]]
name = "django"
version = "3.1.4"
description = "A high-level Python Web framework that encourages rapid development and clean, pragmatic design."
category = "main"
optional = false
python-versions = ">=3.6"

[package.dependencies]
asgiref = ">=3.2.10,<4"
pytz = "*"
sqlparse = ">=0.2.2"

[package.extras]
argon2 = ["argon2-cffi (>=16.1.0)"]
bcrypt = ["bcrypt"]

[[package]]
name = "django-crispy-forms"
version = "1.14.0"
description = "Best way to have Django DRY forms"
category = "main"
optional = false
python-versions = ">=3.7"

[[package]]
name = "django-environ"
version = "0.9.0"
description = "A package that allows you to utilize 12factor inspired environment variables to configure your Django application."
category = "main"
optional = false
python-versions = ">=3.4,<4"

[package.extras]
testing = ["pytest (>=4.6.11)", "coverage[toml] (>=5.0a4)"]
docs = ["sphinx-notfound-page", "sphinx (>=3.5.0)", "furo (>=2021.8.17b43,<2021.9.0)"]
develop = ["sphinx-notfound-page", "sphinx (>=3.5.0)", "furo (>=2021.8.17b43,<2021.9.0)", "pytest (>=4.6.11)", "coverage[toml] (>=5.0a4)"]

[[package]]
name = "django-tailwind"
version = "1.1.0"
description = "Tailwind CSS Framework for Django projects"
category = "main"
optional = false
python-versions = ">=3.7,<4.0"

[package.dependencies]
django = ">=2.2,<3.2"

[[package]]
name = "pillow"
version = "8.1.0"
description = "Python Imaging Library (Fork)"
category = "main"
optional = false
python-versions = ">=3.6"

[[package]]
name = "pytz"
version = "2022.1"
description = "World timezone definitions, modern and historical"
category = "main"
optional = false
python-versions = "*"

[[package]]
name = "sqlparse"
version = "0.4.2"
description = "A non-validating SQL parser."
category = "main"
optional = false
python-versions = ">=3.5"

[[package]]
name = "whitenoise"
version = "6.2.0"
description = "Radically simplified static file serving for WSGI applications"
category = "main"
optional = false
python-versions = ">=3.7"

[package.extras]
brotli = ["brotli"]

[metadata]
lock-version = "1.1"
python-versions = "^3.9"
content-hash = "a4cb33683d3c4ee59084e92baa94e518da1edc18e8d2f37ca97be40a10d3d8f5"

[metadata.files]
asgiref = []
crispy-tailwind = []
django = []
django-crispy-forms = []
django-environ = []
django-tailwind = []
pillow = []
pytz = [
    {file = "pytz-2022.1-py2.py3-none-any.whl", hash = "sha256:e68985985296d9a66a881eb3193b0906246245294a881e7c8afe623866ac6a5c"},
    {file = "pytz-2022.1.tar.gz", hash = "sha256:1e760e2fe6a8163bc0b3d9a19c4f84342afa0a2affebfaa84b01b978a02ecaa7"},
]
sqlparse = []
whitenoise = []
